
Microsoft Visual Studio Solution File, Format Version 12.00
# Visual Studio Version 17
VisualStudioVersion = 17.12.35707.178
MinimumVisualStudioVersion = 10.0.40219.1
Project("{FAE04EC0-301F-11D3-BF4B-00C04F79EFBC}") = "TaskManagerApi", "TaskManagerApi\TaskManagerApi.csproj", "{2A4EF6E1-5B45-4B95-83AA-89DC298CE8D8}"
EndProject
Project("{FAE04EC0-301F-11D3-BF4B-00C04F79EFBC}") = "TaskManagerApi.Dal", "TaskManagerApi.Dal\TaskManagerApi.Dal.csproj", "{0C0F4BFF-3B07-466D-8300-5EBACE007BC2}"
EndProject
Project("{FAE04EC0-301F-11D3-BF4B-00C04F79EFBC}") = "TaskManagerApi.Bll", "TaskManagerApi.Bll\TaskManagerApi.Bll.csproj", "{A8C13F2A-830D-47FD-902C-0BE2E6A7B37B}"
EndProject
Project("{2150E333-8FDC-42A3-9474-1A3956D46DE8}") = "01 DAL", "01 DAL", "{C780F07C-E4E6-4D87-8091-D88FBC9B994D}"
EndProject
Project("{2150E333-8FDC-42A3-9474-1A3956D46DE8}") = "02 BLL", "02 BLL", "{0D0E8AA1-2414-4112-ACF7-5B6724AD425A}"
EndProject
Project("{2150E333-8FDC-42A3-9474-1A3956D46DE8}") = "03 App", "03 App", "{CC728C4D-F77E-43CF-B8FE-73D8C0712BB5}"
EndProject
Project("{2150E333-8FDC-42A3-9474-1A3956D46DE8}") = "01 Domain", "01 Domain", "{76BEA594-519C-4BA6-8AD4-F2B4246F308D}"
EndProject
Project("{FAE04EC0-301F-11D3-BF4B-00C04F79EFBC}") = "TaskManagerApi.Domain", "TaskManagerApi.Domain\TaskManagerApi.Domain.csproj", "{7CF41ABB-F60B-47C5-B77B-D69925C2EA63}"
EndProject
Project("{2150E333-8FDC-42A3-9474-1A3956D46DE8}") = "99 Tools", "99 Tools", "{46B7007D-96C4-4499-B345-7CB8556A3316}"
EndProject
Project("{FAE04EC0-301F-11D3-BF4B-00C04F79EFBC}") = "Tools.CQS", "Tools.CQS\Tools.CQS.csproj", "{0080F740-1CE3-4678-A408-3D0B4A139E79}"
EndProject
Global
	GlobalSection(SolutionConfigurationPlatforms) = preSolution
		Debug|Any CPU = Debug|Any CPU
		Release|Any CPU = Release|Any CPU
	EndGlobalSection
	GlobalSection(ProjectConfigurationPlatforms) = postSolution
		{2A4EF6E1-5B45-4B95-83AA-89DC298CE8D8}.Debug|Any CPU.ActiveCfg = Debug|Any CPU
		{2A4EF6E1-5B45-4B95-83AA-89DC298CE8D8}.Debug|Any CPU.Build.0 = Debug|Any CPU
		{2A4EF6E1-5B45-4B95-83AA-89DC298CE8D8}.Release|Any CPU.ActiveCfg = Release|Any CPU
		{2A4EF6E1-5B45-4B95-83AA-89DC298CE8D8}.Release|Any CPU.Build.0 = Release|Any CPU
		{0C0F4BFF-3B07-466D-8300-5EBACE007BC2}.Debug|Any CPU.ActiveCfg = Debug|Any CPU
		{0C0F4BFF-3B07-466D-8300-5EBACE007BC2}.Debug|Any CPU.Build.0 = Debug|Any CPU
		{0C0F4BFF-3B07-466D-8300-5EBACE007BC2}.Release|Any CPU.ActiveCfg = Release|Any CPU
		{0C0F4BFF-3B07-466D-8300-5EBACE007BC2}.Release|Any CPU.Build.0 = Release|Any CPU
		{A8C13F2A-830D-47FD-902C-0BE2E6A7B37B}.Debug|Any CPU.ActiveCfg = Debug|Any CPU
		{A8C13F2A-830D-47FD-902C-0BE2E6A7B37B}.Debug|Any CPU.Build.0 = Debug|Any CPU
		{A8C13F2A-830D-47FD-902C-0BE2E6A7B37B}.Release|Any CPU.ActiveCfg = Release|Any CPU
		{A8C13F2A-830D-47FD-902C-0BE2E6A7B37B}.Release|Any CPU.Build.0 = Release|Any CPU
		{7CF41ABB-F60B-47C5-B77B-D69925C2EA63}.Debug|Any CPU.ActiveCfg = Debug|Any CPU
		{7CF41ABB-F60B-47C5-B77B-D69925C2EA63}.Debug|Any CPU.Build.0 = Debug|Any CPU
		{7CF41ABB-F60B-47C5-B77B-D69925C2EA63}.Release|Any CPU.ActiveCfg = Release|Any CPU
		{7CF41ABB-F60B-47C5-B77B-D69925C2EA63}.Release|Any CPU.Build.0 = Release|Any CPU
		{0080F740-1CE3-4678-A408-3D0B4A139E79}.Debug|Any CPU.ActiveCfg = Debug|Any CPU
		{0080F740-1CE3-4678-A408-3D0B4A139E79}.Debug|Any CPU.Build.0 = Debug|Any CPU
		{0080F740-1CE3-4678-A408-3D0B4A139E79}.Release|Any CPU.ActiveCfg = Release|Any CPU
		{0080F740-1CE3-4678-A408-3D0B4A139E79}.Release|Any CPU.Build.0 = Release|Any CPU
	EndGlobalSection
	GlobalSection(SolutionProperties) = preSolution
		HideSolutionNode = FALSE
	EndGlobalSection
	GlobalSection(NestedProjects) = preSolution
		{2A4EF6E1-5B45-4B95-83AA-89DC298CE8D8} = {CC728C4D-F77E-43CF-B8FE-73D8C0712BB5}
		{0C0F4BFF-3B07-466D-8300-5EBACE007BC2} = {C780F07C-E4E6-4D87-8091-D88FBC9B994D}
		{A8C13F2A-830D-47FD-902C-0BE2E6A7B37B} = {0D0E8AA1-2414-4112-ACF7-5B6724AD425A}
		{7CF41ABB-F60B-47C5-B77B-D69925C2EA63} = {76BEA594-519C-4BA6-8AD4-F2B4246F308D}
		{0080F740-1CE3-4678-A408-3D0B4A139E79} = {46B7007D-96C4-4499-B345-7CB8556A3316}
	EndGlobalSection
EndGlobal
